
Microsoft Visual Studio Solution File, Format Version 12.00
# Visual Studio Version 17
VisualStudioVersion = 17.7.34202.233
MinimumVisualStudioVersion = 10.0.40219.1
Project("{FAE04EC0-301F-11D3-BF4B-00C04F79EFBC}") = "PrizePicker", "PrizePicker\PrizePicker.csproj", "{3B265259-D1A3-45D1-9BF4-BB421D5045A1}"
EndProject
Global
	GlobalSection(SolutionConfigurationPlatforms) = preSolution
		Debug|Any CPU = Debug|Any CPU
		Release|Any CPU = Release|Any CPU
	EndGlobalSection
	GlobalSection(ProjectConfigurationPlatforms) = postSolution
		{3B265259-D1A3-45D1-9BF4-BB421D5045A1}.Debug|Any CPU.ActiveCfg = Debug|Any CPU
		{3B265259-D1A3-45D1-9BF4-BB421D5045A1}.Debug|Any CPU.Build.0 = Debug|Any CPU
		{3B265259-D1A3-45D1-9BF4-BB421D5045A1}.Release|Any CPU.ActiveCfg = Release|Any CPU
		{3B265259-D1A3-45D1-9BF4-BB421D5045A1}.Release|Any CPU.Build.0 = Release|Any CPU
	EndGlobalSection
	GlobalSection(SolutionProperties) = preSolution
		HideSolutionNode = FALSE
	EndGlobalSection
	GlobalSection(ExtensibilityGlobals) = postSolution
		SolutionGuid = {9BE12953-9E5E-4F8A-8EDC-993D4DDA3774}
	EndGlobalSection
EndGlobal
